
Microsoft Visual Studio Solution File, Format Version 12.00
# Visual Studio Version 17
VisualStudioVersion = 17.5.33424.131
MinimumVisualStudioVersion = 10.0.40219.1
Project("{8BC9CEB8-8B4A-11D0-8D11-00A0C91BC942}") = "4_Condicionales-3erPractica-CantidadDigitos", "4_Condicionales-3erPractica-CantidadDigitos\4_Condicionales-3erPractica-CantidadDigitos.vcxproj", "{34008B16-73AF-4BE8-B6A5-2A20F846A681}"
EndProject
Global
	GlobalSection(SolutionConfigurationPlatforms) = preSolution
		Debug|x64 = Debug|x64
		Debug|x86 = Debug|x86
		Release|x64 = Release|x64
		Release|x86 = Release|x86
	EndGlobalSection
	GlobalSection(ProjectConfigurationPlatforms) = postSolution
		{34008B16-73AF-4BE8-B6A5-2A20F846A681}.Debug|x64.ActiveCfg = Debug|x64
		{34008B16-73AF-4BE8-B6A5-2A20F846A681}.Debug|x64.Build.0 = Debug|x64
		{34008B16-73AF-4BE8-B6A5-2A20F846A681}.Debug|x86.ActiveCfg = Debug|Win32
		{34008B16-73AF-4BE8-B6A5-2A20F846A681}.Debug|x86.Build.0 = Debug|Win32
		{34008B16-73AF-4BE8-B6A5-2A20F846A681}.Release|x64.ActiveCfg = Release|x64
		{34008B16-73AF-4BE8-B6A5-2A20F846A681}.Release|x64.Build.0 = Release|x64
		{34008B16-73AF-4BE8-B6A5-2A20F846A681}.Release|x86.ActiveCfg = Release|Win32
		{34008B16-73AF-4BE8-B6A5-2A20F846A681}.Release|x86.Build.0 = Release|Win32
	EndGlobalSection
	GlobalSection(SolutionProperties) = preSolution
		HideSolutionNode = FALSE
	EndGlobalSection
	GlobalSection(ExtensibilityGlobals) = postSolution
		SolutionGuid = {2D66D7F0-C633-48C1-8645-4AF2B3558F04}
	EndGlobalSection
EndGlobal
