
Microsoft Visual Studio Solution File, Format Version 12.00
# Visual Studio Version 17
VisualStudioVersion = 17.5.33424.131
MinimumVisualStudioVersion = 10.0.40219.1
Project("{8BC9CEB8-8B4A-11D0-8D11-00A0C91BC942}") = "6_OperadoresLogicos-2daPracticaTresValoresIguales", "6_OperadoresLogicos-2daPracticaTresValoresIguales\6_OperadoresLogicos-2daPracticaTresValoresIguales.vcxproj", "{A7D46CAE-5742-43C8-BB69-4031B3F0F230}"
EndProject
Global
	GlobalSection(SolutionConfigurationPlatforms) = preSolution
		Debug|x64 = Debug|x64
		Debug|x86 = Debug|x86
		Release|x64 = Release|x64
		Release|x86 = Release|x86
	EndGlobalSection
	GlobalSection(ProjectConfigurationPlatforms) = postSolution
		{A7D46CAE-5742-43C8-BB69-4031B3F0F230}.Debug|x64.ActiveCfg = Debug|x64
		{A7D46CAE-5742-43C8-BB69-4031B3F0F230}.Debug|x64.Build.0 = Debug|x64
		{A7D46CAE-5742-43C8-BB69-4031B3F0F230}.Debug|x86.ActiveCfg = Debug|Win32
		{A7D46CAE-5742-43C8-BB69-4031B3F0F230}.Debug|x86.Build.0 = Debug|Win32
		{A7D46CAE-5742-43C8-BB69-4031B3F0F230}.Release|x64.ActiveCfg = Release|x64
		{A7D46CAE-5742-43C8-BB69-4031B3F0F230}.Release|x64.Build.0 = Release|x64
		{A7D46CAE-5742-43C8-BB69-4031B3F0F230}.Release|x86.ActiveCfg = Release|Win32
		{A7D46CAE-5742-43C8-BB69-4031B3F0F230}.Release|x86.Build.0 = Release|Win32
	EndGlobalSection
	GlobalSection(SolutionProperties) = preSolution
		HideSolutionNode = FALSE
	EndGlobalSection
	GlobalSection(ExtensibilityGlobals) = postSolution
		SolutionGuid = {2E033A13-106D-4E87-8CFD-5C5EC8C58D08}
	EndGlobalSection
EndGlobal
